
Microsoft Visual Studio Solution File, Format Version 12.00
# Visual Studio 14
VisualStudioVersion = 14.0.25420.1
MinimumVisualStudioVersion = 10.0.40219.1
Project("{FAE04EC0-301F-11D3-BF4B-00C04F79EFBC}") = "JonathanPedregon", "JonathanPedregon\JonathanPedregon.csproj", "{1E36A957-8317-4F50-A2B5-CA8842D6D57D}"
EndProject
Project("{FAE04EC0-301F-11D3-BF4B-00C04F79EFBC}") = "JonathanPedregon.Tests", "JonathanPedregon.Tests\JonathanPedregon.Tests.csproj", "{FF65F4C3-A4E0-4371-AD83-4171329AAD84}"
EndProject
Global
	GlobalSection(SolutionConfigurationPlatforms) = preSolution
		Debug|Any CPU = Debug|Any CPU
		Release|Any CPU = Release|Any CPU
	EndGlobalSection
	GlobalSection(ProjectConfigurationPlatforms) = postSolution
		{1E36A957-8317-4F50-A2B5-CA8842D6D57D}.Debug|Any CPU.ActiveCfg = Debug|Any CPU
		{1E36A957-8317-4F50-A2B5-CA8842D6D57D}.Debug|Any CPU.Build.0 = Debug|Any CPU
		{1E36A957-8317-4F50-A2B5-CA8842D6D57D}.Release|Any CPU.ActiveCfg = Release|Any CPU
		{1E36A957-8317-4F50-A2B5-CA8842D6D57D}.Release|Any CPU.Build.0 = Release|Any CPU
		{FF65F4C3-A4E0-4371-AD83-4171329AAD84}.Debug|Any CPU.ActiveCfg = Debug|Any CPU
		{FF65F4C3-A4E0-4371-AD83-4171329AAD84}.Debug|Any CPU.Build.0 = Debug|Any CPU
		{FF65F4C3-A4E0-4371-AD83-4171329AAD84}.Release|Any CPU.ActiveCfg = Release|Any CPU
		{FF65F4C3-A4E0-4371-AD83-4171329AAD84}.Release|Any CPU.Build.0 = Release|Any CPU
	EndGlobalSection
	GlobalSection(SolutionProperties) = preSolution
		HideSolutionNode = FALSE
	EndGlobalSection
EndGlobal
